
Microsoft Visual Studio Solution File, Format Version 12.00
# Visual Studio Version 16
VisualStudioVersion = 16.0.32106.194
MinimumVisualStudioVersion = 10.0.40219.1
Project("{FAE04EC0-301F-11D3-BF4B-00C04F79EFBC}") = "ConsoleApp", "ConsoleApp\ConsoleApp.csproj", "{3CA49611-D31E-41F1-AEF6-3FE19C87CDF2}"
EndProject
Project("{FAE04EC0-301F-11D3-BF4B-00C04F79EFBC}") = "DAL", "DAL\DAL.csproj", "{BD431875-7C51-41D1-82B8-8EA7A257BD74}"
EndProject
Project("{FAE04EC0-301F-11D3-BF4B-00C04F79EFBC}") = "BL", "BL\BL.csproj", "{F5CDE62B-3DC9-4972-9D0F-22A4B8F30597}"
EndProject
Global
	GlobalSection(SolutionConfigurationPlatforms) = preSolution
		Debug|Any CPU = Debug|Any CPU
		Release|Any CPU = Release|Any CPU
	EndGlobalSection
	GlobalSection(ProjectConfigurationPlatforms) = postSolution
		{3CA49611-D31E-41F1-AEF6-3FE19C87CDF2}.Debug|Any CPU.ActiveCfg = Debug|Any CPU
		{3CA49611-D31E-41F1-AEF6-3FE19C87CDF2}.Debug|Any CPU.Build.0 = Debug|Any CPU
		{3CA49611-D31E-41F1-AEF6-3FE19C87CDF2}.Release|Any CPU.ActiveCfg = Release|Any CPU
		{3CA49611-D31E-41F1-AEF6-3FE19C87CDF2}.Release|Any CPU.Build.0 = Release|Any CPU
		{BD431875-7C51-41D1-82B8-8EA7A257BD74}.Debug|Any CPU.ActiveCfg = Debug|Any CPU
		{BD431875-7C51-41D1-82B8-8EA7A257BD74}.Debug|Any CPU.Build.0 = Debug|Any CPU
		{BD431875-7C51-41D1-82B8-8EA7A257BD74}.Release|Any CPU.ActiveCfg = Release|Any CPU
		{BD431875-7C51-41D1-82B8-8EA7A257BD74}.Release|Any CPU.Build.0 = Release|Any CPU
		{F5CDE62B-3DC9-4972-9D0F-22A4B8F30597}.Debug|Any CPU.ActiveCfg = Debug|Any CPU
		{F5CDE62B-3DC9-4972-9D0F-22A4B8F30597}.Debug|Any CPU.Build.0 = Debug|Any CPU
		{F5CDE62B-3DC9-4972-9D0F-22A4B8F30597}.Release|Any CPU.ActiveCfg = Release|Any CPU
		{F5CDE62B-3DC9-4972-9D0F-22A4B8F30597}.Release|Any CPU.Build.0 = Release|Any CPU
	EndGlobalSection
	GlobalSection(SolutionProperties) = preSolution
		HideSolutionNode = FALSE
	EndGlobalSection
	GlobalSection(ExtensibilityGlobals) = postSolution
		SolutionGuid = {B23A888F-FD21-4D9E-97AB-69D3ACFE123C}
	EndGlobalSection
EndGlobal
